
Microsoft Visual Studio Solution File, Format Version 12.00
# Visual Studio 15
VisualStudioVersion = 15.0.28307.1684
MinimumVisualStudioVersion = 10.0.40219.1
Project("{FAE04EC0-301F-11D3-BF4B-00C04F79EFBC}") = "ogrenciKayitUy", "ogrenciKayitUy\ogrenciKayitUy.csproj", "{C13F48C4-41B0-42B1-A0A6-0323A6B00AAB}"
EndProject
Global
	GlobalSection(SolutionConfigurationPlatforms) = preSolution
		Debug|Any CPU = Debug|Any CPU
		Release|Any CPU = Release|Any CPU
	EndGlobalSection
	GlobalSection(ProjectConfigurationPlatforms) = postSolution
		{C13F48C4-41B0-42B1-A0A6-0323A6B00AAB}.Debug|Any CPU.ActiveCfg = Debug|Any CPU
		{C13F48C4-41B0-42B1-A0A6-0323A6B00AAB}.Debug|Any CPU.Build.0 = Debug|Any CPU
		{C13F48C4-41B0-42B1-A0A6-0323A6B00AAB}.Release|Any CPU.ActiveCfg = Release|Any CPU
		{C13F48C4-41B0-42B1-A0A6-0323A6B00AAB}.Release|Any CPU.Build.0 = Release|Any CPU
	EndGlobalSection
	GlobalSection(SolutionProperties) = preSolution
		HideSolutionNode = FALSE
	EndGlobalSection
	GlobalSection(ExtensibilityGlobals) = postSolution
		SolutionGuid = {913E6F50-0C49-4114-A917-FA665AEEA815}
	EndGlobalSection
EndGlobal
